
Microsoft Visual Studio Solution File, Format Version 12.00
# Visual Studio Version 17
VisualStudioVersion = 17.7.34221.43
MinimumVisualStudioVersion = 10.0.40219.1
Project("{9A19103F-16F7-4668-BE54-9A1E7A4F7556}") = "problema_A", "problema_A\problema_A.csproj", "{6559D8A4-BB57-4CA9-ABBE-A60794D23B02}"
EndProject
Project("{9A19103F-16F7-4668-BE54-9A1E7A4F7556}") = "problema_B", "problema_B\problema_B.csproj", "{DFBCC7DC-E646-422E-9D9C-4D01B78315FC}"
EndProject
Project("{9A19103F-16F7-4668-BE54-9A1E7A4F7556}") = "problema_C", "problema_C\problema_C.csproj", "{4E97EACE-0189-4874-90FC-F021C4C73E94}"
EndProject
Project("{9A19103F-16F7-4668-BE54-9A1E7A4F7556}") = "problema_D", "problema_D\problema_D.csproj", "{4D4B7454-4AE1-42A6-B502-FF79FB9A36B1}"
EndProject
Global
	GlobalSection(SolutionConfigurationPlatforms) = preSolution
		Debug|Any CPU = Debug|Any CPU
		Release|Any CPU = Release|Any CPU
	EndGlobalSection
	GlobalSection(ProjectConfigurationPlatforms) = postSolution
		{6559D8A4-BB57-4CA9-ABBE-A60794D23B02}.Debug|Any CPU.ActiveCfg = Debug|Any CPU
		{6559D8A4-BB57-4CA9-ABBE-A60794D23B02}.Debug|Any CPU.Build.0 = Debug|Any CPU
		{6559D8A4-BB57-4CA9-ABBE-A60794D23B02}.Release|Any CPU.ActiveCfg = Release|Any CPU
		{6559D8A4-BB57-4CA9-ABBE-A60794D23B02}.Release|Any CPU.Build.0 = Release|Any CPU
		{DFBCC7DC-E646-422E-9D9C-4D01B78315FC}.Debug|Any CPU.ActiveCfg = Debug|Any CPU
		{DFBCC7DC-E646-422E-9D9C-4D01B78315FC}.Debug|Any CPU.Build.0 = Debug|Any CPU
		{DFBCC7DC-E646-422E-9D9C-4D01B78315FC}.Release|Any CPU.ActiveCfg = Release|Any CPU
		{DFBCC7DC-E646-422E-9D9C-4D01B78315FC}.Release|Any CPU.Build.0 = Release|Any CPU
		{4E97EACE-0189-4874-90FC-F021C4C73E94}.Debug|Any CPU.ActiveCfg = Debug|Any CPU
		{4E97EACE-0189-4874-90FC-F021C4C73E94}.Debug|Any CPU.Build.0 = Debug|Any CPU
		{4E97EACE-0189-4874-90FC-F021C4C73E94}.Release|Any CPU.ActiveCfg = Release|Any CPU
		{4E97EACE-0189-4874-90FC-F021C4C73E94}.Release|Any CPU.Build.0 = Release|Any CPU
		{4D4B7454-4AE1-42A6-B502-FF79FB9A36B1}.Debug|Any CPU.ActiveCfg = Debug|Any CPU
		{4D4B7454-4AE1-42A6-B502-FF79FB9A36B1}.Debug|Any CPU.Build.0 = Debug|Any CPU
		{4D4B7454-4AE1-42A6-B502-FF79FB9A36B1}.Release|Any CPU.ActiveCfg = Release|Any CPU
		{4D4B7454-4AE1-42A6-B502-FF79FB9A36B1}.Release|Any CPU.Build.0 = Release|Any CPU
	EndGlobalSection
	GlobalSection(SolutionProperties) = preSolution
		HideSolutionNode = FALSE
	EndGlobalSection
	GlobalSection(ExtensibilityGlobals) = postSolution
		SolutionGuid = {A5FECA9F-C391-4C5B-90D3-001150B6B978}
	EndGlobalSection
EndGlobal
